<Solution>
  <Folder Name="/src/">
    <Project Path="src/Arwen.Module/Arwen.Module.csproj" />
    <Project Path="src/Bilbo.Module/Bilbo.Module.csproj" />
    <Project Path="src/Celebrimbor.Module/Celebrimbor.Module.csproj" />
    <Project Path="src/Elrond.Module/Elrond.Module.csproj" />
    <Project Path="src/Gandalf.Module/Gandalf.Module.csproj" />
    <Project Path="src/Legolas.Module/Legolas.Module.csproj" />
    <Project Path="src/Mithril.GameReports/Mithril.GameReports.csproj" />
    <Project Path="src/Mithril.Leveling/Mithril.Leveling.csproj" />
    <Project Path="src/Mithril.MapCalibration/Mithril.MapCalibration.csproj" />
    <Project Path="src/Mithril.MapCalibration.Capture/Mithril.MapCalibration.Capture.csproj" />
    <Project Path="src/Mithril.MapCalibration.Detection/Mithril.MapCalibration.Detection.csproj" />
    <Project Path="src/Mithril.Overlay/Mithril.Overlay.csproj" />
    <Project Path="src/Mithril.Planning/Mithril.Planning.csproj" />
    <Project Path="src/Mithril.Reference/Mithril.Reference.csproj" />
    <Project Path="src/Mithril.Shared.Wpf/Mithril.Shared.Wpf.csproj" />
    <Project Path="src/Mithril.Persistence/Mithril.Persistence.csproj" />
    <Project Path="src/Mithril.Shared/Mithril.Shared.csproj" />
    <Project Path="src/Mithril.Shared.Telemetry.Abstractions/Mithril.Shared.Telemetry.Abstractions.csproj" />
    <Project Path="src/Mithril.Shared.Telemetry/Mithril.Shared.Telemetry.csproj" />
    <Project Path="src/Mithril.Shell/Mithril.Shell.csproj" />
    <Project Path="src/Palantir.Module/Palantir.Module.csproj" />
    <Project Path="src/Pippin.Module/Pippin.Module.csproj" />
    <Project Path="src/Samwise.Module/Samwise.Module.csproj" />
    <Project Path="src/Saruman.Module/Saruman.Module.csproj" />
    <Project Path="src/Silmarillion.Module/Silmarillion.Module.csproj" />
    <Project Path="src/Smaug.Module/Smaug.Module.csproj" />
  </Folder>
  <Folder Name="/tools/">
    <Project Path="tools/Mithril.LogSanitizer/Mithril.LogSanitizer.csproj" />
    <Project Path="tools/RefreshAndValidate/RefreshAndValidate.csproj" />
    <Project Path="tools/XamlResourceLint/XamlResourceLint.csproj" />
  </Folder>
  <Folder Name="/src/Arda/">
    <Project Path="src/Arda/Arda.Abstractions/Arda.Abstractions.csproj" />
    <Project Path="src/Arda/Arda.Ingest/Arda.Ingest.csproj" />
    <Project Path="src/Arda/Arda.Composition/Arda.Composition.csproj" />
    <Project Path="src/Arda/Arda.Contracts/Arda.Contracts.csproj" />
    <Project Path="src/Arda/Arda.Dispatch/Arda.Dispatch.csproj" />
    <Project Path="src/Arda/Arda.Hosting/Arda.Hosting.csproj" />
    <Project Path="src/Arda/Arda.World.Player/Arda.World.Player.csproj" />
    <Project Path="src/Arda/Arda.World.Chat/Arda.World.Chat.csproj" />
    <Project Path="src/Arda/Arda.Wpf/Arda.Wpf.csproj" />
  </Folder>
  <Folder Name="/tests/">
    <Project Path="tests/Arwen.Tests/Arwen.Tests.csproj" />
    <Project Path="tests/Bilbo.Tests/Bilbo.Tests.csproj" />
    <Project Path="tests/Celebrimbor.Tests/Celebrimbor.Tests.csproj" />
    <Project Path="tests/Elrond.Tests/Elrond.Tests.csproj" />
    <Project Path="tests/Gandalf.Tests/Gandalf.Tests.csproj" />
    <Project Path="tests/Legolas.Tests/Legolas.Tests.csproj" />
    <Project Path="tests/Mithril.GameReports.Tests/Mithril.GameReports.Tests.csproj" />
    <Project Path="tests/Mithril.Leveling.Tests/Mithril.Leveling.Tests.csproj" />
    <Project Path="tests/Mithril.LogSanitizer.Tests/Mithril.LogSanitizer.Tests.csproj" />
    <Project Path="tests/Mithril.MapCalibration.Tests/Mithril.MapCalibration.Tests.csproj" />
    <Project Path="tests/Mithril.MapCalibration.Capture.Tests/Mithril.MapCalibration.Capture.Tests.csproj" />
    <Project Path="tests/Mithril.Overlay.Tests/Mithril.Overlay.Tests.csproj" />
    <Project Path="tests/Mithril.Planning.Tests/Mithril.Planning.Tests.csproj" />
    <Project Path="tests/Mithril.Reference.Tests/Mithril.Reference.Tests.csproj" />
    <Project Path="tests/Mithril.Shared.Telemetry.Tests/Mithril.Shared.Telemetry.Tests.csproj" />
    <Project Path="tests/Mithril.Shared.Tests/Mithril.Shared.Tests.csproj" />
    <Project Path="tests/Mithril.Shell.Tests/Mithril.Shell.Tests.csproj" />
    <Project Path="tests/Palantir.Tests/Palantir.Tests.csproj" />
    <Project Path="tests/Pippin.Tests/Pippin.Tests.csproj" />
    <Project Path="tests/RefreshAndValidate.Tests/RefreshAndValidate.Tests.csproj" />
    <Project Path="tests/Samwise.Tests/Samwise.Tests.csproj" />
    <Project Path="tests/Saruman.Tests/Saruman.Tests.csproj" />
    <Project Path="tests/Silmarillion.Tests/Silmarillion.Tests.csproj" />
    <Project Path="tests/Smaug.Tests/Smaug.Tests.csproj" />
    <Project Path="tests/Arda.Ingest.Tests/Arda.Ingest.Tests.csproj" />
    <Project Path="tests/Arda.Composition.Tests/Arda.Composition.Tests.csproj" />
    <Project Path="tests/Arda.Dispatch.Tests/Arda.Dispatch.Tests.csproj" />
    <Project Path="tests/Arda.Hosting.Tests/Arda.Hosting.Tests.csproj" />
    <Project Path="tests/Arda.World.Player.Tests/Arda.World.Player.Tests.csproj" />
    <Project Path="tests/Arda.World.Chat.Tests/Arda.World.Chat.Tests.csproj" />
    <Project Path="tests/Arda.Wpf.Tests/Arda.Wpf.Tests.csproj" />
  </Folder>
</Solution>
